
Microsoft Visual Studio Solution File, Format Version 12.00
# Visual Studio Version 16
VisualStudioVersion = 16.0.29306.81
MinimumVisualStudioVersion = 10.0.40219.1
Project("{8BC9CEB8-8B4A-11D0-8D11-00A0C91BC942}") = "Assignment2.inventory", "Assignment2.inventory\Assignment2.inventory.vcxproj", "{442F2EDB-9E46-4120-82EF-49036A298DC7}"
EndProject
Global
	GlobalSection(SolutionConfigurationPlatforms) = preSolution
		Debug|x64 = Debug|x64
		Debug|x86 = Debug|x86
		Release|x64 = Release|x64
		Release|x86 = Release|x86
	EndGlobalSection
	GlobalSection(ProjectConfigurationPlatforms) = postSolution
		{442F2EDB-9E46-4120-82EF-49036A298DC7}.Debug|x64.ActiveCfg = Debug|x64
		{442F2EDB-9E46-4120-82EF-49036A298DC7}.Debug|x64.Build.0 = Debug|x64
		{442F2EDB-9E46-4120-82EF-49036A298DC7}.Debug|x86.ActiveCfg = Debug|Win32
		{442F2EDB-9E46-4120-82EF-49036A298DC7}.Debug|x86.Build.0 = Debug|Win32
		{442F2EDB-9E46-4120-82EF-49036A298DC7}.Release|x64.ActiveCfg = Release|x64
		{442F2EDB-9E46-4120-82EF-49036A298DC7}.Release|x64.Build.0 = Release|x64
		{442F2EDB-9E46-4120-82EF-49036A298DC7}.Release|x86.ActiveCfg = Release|Win32
		{442F2EDB-9E46-4120-82EF-49036A298DC7}.Release|x86.Build.0 = Release|Win32
	EndGlobalSection
	GlobalSection(SolutionProperties) = preSolution
		HideSolutionNode = FALSE
	EndGlobalSection
	GlobalSection(ExtensibilityGlobals) = postSolution
		SolutionGuid = {A613C909-6D78-4663-85EC-19BD45A0045C}
	EndGlobalSection
EndGlobal
